
Microsoft Visual Studio Solution File, Format Version 12.00
# Visual Studio Version 16
VisualStudioVersion = 16.0.30621.155
MinimumVisualStudioVersion = 10.0.40219.1
Project("{9A19103F-16F7-4668-BE54-9A1E7A4F7556}") = "MathOperation", "MathOperation\MathOperation.csproj", "{87E95DC8-B595-475A-8A17-5E82F7C3C866}"
EndProject
Project("{9A19103F-16F7-4668-BE54-9A1E7A4F7556}") = "Animals", "Animals\Animals.csproj", "{12C958E3-5090-49EB-84D4-6B388F97172A}"
EndProject
Project("{9A19103F-16F7-4668-BE54-9A1E7A4F7556}") = "Shapes", "Shapes\Shapes.csproj", "{7E109135-B2F3-4CD9-BDAD-FAF72CFCB39E}"
EndProject
Project("{FAE04EC0-301F-11D3-BF4B-00C04F79EFBC}") = "Vehicle", "Vehicle\Vehicle.csproj", "{30A538D2-4388-4238-AD27-E4F011CCD7E5}"
EndProject
Project("{FAE04EC0-301F-11D3-BF4B-00C04F79EFBC}") = "Raiding", "Raiding\Raiding.csproj", "{00F3F0B7-7C1C-4B3F-87B6-F36E0FD94EF7}"
EndProject
Project("{FAE04EC0-301F-11D3-BF4B-00C04F79EFBC}") = "WildFarm", "WildFarm\WildFarm.csproj", "{108C572F-6531-470E-9C42-E2D60CFC0148}"
EndProject
Global
	GlobalSection(SolutionConfigurationPlatforms) = preSolution
		Debug|Any CPU = Debug|Any CPU
		Release|Any CPU = Release|Any CPU
	EndGlobalSection
	GlobalSection(ProjectConfigurationPlatforms) = postSolution
		{87E95DC8-B595-475A-8A17-5E82F7C3C866}.Debug|Any CPU.ActiveCfg = Debug|Any CPU
		{87E95DC8-B595-475A-8A17-5E82F7C3C866}.Debug|Any CPU.Build.0 = Debug|Any CPU
		{87E95DC8-B595-475A-8A17-5E82F7C3C866}.Release|Any CPU.ActiveCfg = Release|Any CPU
		{87E95DC8-B595-475A-8A17-5E82F7C3C866}.Release|Any CPU.Build.0 = Release|Any CPU
		{12C958E3-5090-49EB-84D4-6B388F97172A}.Debug|Any CPU.ActiveCfg = Debug|Any CPU
		{12C958E3-5090-49EB-84D4-6B388F97172A}.Debug|Any CPU.Build.0 = Debug|Any CPU
		{12C958E3-5090-49EB-84D4-6B388F97172A}.Release|Any CPU.ActiveCfg = Release|Any CPU
		{12C958E3-5090-49EB-84D4-6B388F97172A}.Release|Any CPU.Build.0 = Release|Any CPU
		{7E109135-B2F3-4CD9-BDAD-FAF72CFCB39E}.Debug|Any CPU.ActiveCfg = Debug|Any CPU
		{7E109135-B2F3-4CD9-BDAD-FAF72CFCB39E}.Debug|Any CPU.Build.0 = Debug|Any CPU
		{7E109135-B2F3-4CD9-BDAD-FAF72CFCB39E}.Release|Any CPU.ActiveCfg = Release|Any CPU
		{7E109135-B2F3-4CD9-BDAD-FAF72CFCB39E}.Release|Any CPU.Build.0 = Release|Any CPU
		{30A538D2-4388-4238-AD27-E4F011CCD7E5}.Debug|Any CPU.ActiveCfg = Debug|Any CPU
		{30A538D2-4388-4238-AD27-E4F011CCD7E5}.Debug|Any CPU.Build.0 = Debug|Any CPU
		{30A538D2-4388-4238-AD27-E4F011CCD7E5}.Release|Any CPU.ActiveCfg = Release|Any CPU
		{30A538D2-4388-4238-AD27-E4F011CCD7E5}.Release|Any CPU.Build.0 = Release|Any CPU
		{00F3F0B7-7C1C-4B3F-87B6-F36E0FD94EF7}.Debug|Any CPU.ActiveCfg = Debug|Any CPU
		{00F3F0B7-7C1C-4B3F-87B6-F36E0FD94EF7}.Debug|Any CPU.Build.0 = Debug|Any CPU
		{00F3F0B7-7C1C-4B3F-87B6-F36E0FD94EF7}.Release|Any CPU.ActiveCfg = Release|Any CPU
		{00F3F0B7-7C1C-4B3F-87B6-F36E0FD94EF7}.Release|Any CPU.Build.0 = Release|Any CPU
		{108C572F-6531-470E-9C42-E2D60CFC0148}.Debug|Any CPU.ActiveCfg = Debug|Any CPU
		{108C572F-6531-470E-9C42-E2D60CFC0148}.Debug|Any CPU.Build.0 = Debug|Any CPU
		{108C572F-6531-470E-9C42-E2D60CFC0148}.Release|Any CPU.ActiveCfg = Release|Any CPU
		{108C572F-6531-470E-9C42-E2D60CFC0148}.Release|Any CPU.Build.0 = Release|Any CPU
	EndGlobalSection
	GlobalSection(SolutionProperties) = preSolution
		HideSolutionNode = FALSE
	EndGlobalSection
	GlobalSection(ExtensibilityGlobals) = postSolution
		SolutionGuid = {EB75078F-E6F4-45F3-9779-07D5426AC30B}
	EndGlobalSection
EndGlobal
